
Microsoft Visual Studio Solution File, Format Version 12.00
# Visual Studio 14
VisualStudioVersion = 14.0.25420.1
MinimumVisualStudioVersion = 10.0.40219.1
Project("{FAE04EC0-301F-11D3-BF4B-00C04F79EFBC}") = "App.Contracts", "App.Contracts\App.Contracts.csproj", "{99E752B3-700E-491D-B8F7-5A9A77A40E3E}"
EndProject
Project("{FAE04EC0-301F-11D3-BF4B-00C04F79EFBC}") = "App.Dal", "App.Dal\App.Dal.csproj", "{8208CB93-E4FD-47AD-BDF5-B587012B754A}"
EndProject
Project("{FAE04EC0-301F-11D3-BF4B-00C04F79EFBC}") = "App.Services", "App.Services\App.Services.csproj", "{6C129582-E8C3-44C1-9A1A-061DAB08149D}"
EndProject
Project("{FAE04EC0-301F-11D3-BF4B-00C04F79EFBC}") = "App.Api", "App.Api\App.Api.csproj", "{7E38E8D0-56D8-4600-9011-32028FDD76E3}"
EndProject
Project("{FAE04EC0-301F-11D3-BF4B-00C04F79EFBC}") = "App.Tests", "App.Tests\App.Tests.csproj", "{50C7B4C1-FA24-4622-9AE4-61EB504AF717}"
EndProject
Project("{FAE04EC0-301F-11D3-BF4B-00C04F79EFBC}") = "App.Mvc", "App.Mvc\App.Mvc.csproj", "{0E500293-3BC0-440F-A0F2-ED73ADCEE07B}"
EndProject
Global
	GlobalSection(SolutionConfigurationPlatforms) = preSolution
		Debug|Any CPU = Debug|Any CPU
		Release|Any CPU = Release|Any CPU
	EndGlobalSection
	GlobalSection(ProjectConfigurationPlatforms) = postSolution
		{99E752B3-700E-491D-B8F7-5A9A77A40E3E}.Debug|Any CPU.ActiveCfg = Debug|Any CPU
		{99E752B3-700E-491D-B8F7-5A9A77A40E3E}.Debug|Any CPU.Build.0 = Debug|Any CPU
		{99E752B3-700E-491D-B8F7-5A9A77A40E3E}.Release|Any CPU.ActiveCfg = Release|Any CPU
		{99E752B3-700E-491D-B8F7-5A9A77A40E3E}.Release|Any CPU.Build.0 = Release|Any CPU
		{8208CB93-E4FD-47AD-BDF5-B587012B754A}.Debug|Any CPU.ActiveCfg = Debug|Any CPU
		{8208CB93-E4FD-47AD-BDF5-B587012B754A}.Debug|Any CPU.Build.0 = Debug|Any CPU
		{8208CB93-E4FD-47AD-BDF5-B587012B754A}.Release|Any CPU.ActiveCfg = Release|Any CPU
		{8208CB93-E4FD-47AD-BDF5-B587012B754A}.Release|Any CPU.Build.0 = Release|Any CPU
		{6C129582-E8C3-44C1-9A1A-061DAB08149D}.Debug|Any CPU.ActiveCfg = Debug|Any CPU
		{6C129582-E8C3-44C1-9A1A-061DAB08149D}.Debug|Any CPU.Build.0 = Debug|Any CPU
		{6C129582-E8C3-44C1-9A1A-061DAB08149D}.Release|Any CPU.ActiveCfg = Release|Any CPU
		{6C129582-E8C3-44C1-9A1A-061DAB08149D}.Release|Any CPU.Build.0 = Release|Any CPU
		{7E38E8D0-56D8-4600-9011-32028FDD76E3}.Debug|Any CPU.ActiveCfg = Debug|Any CPU
		{7E38E8D0-56D8-4600-9011-32028FDD76E3}.Debug|Any CPU.Build.0 = Debug|Any CPU
		{7E38E8D0-56D8-4600-9011-32028FDD76E3}.Release|Any CPU.ActiveCfg = Release|Any CPU
		{7E38E8D0-56D8-4600-9011-32028FDD76E3}.Release|Any CPU.Build.0 = Release|Any CPU
		{50C7B4C1-FA24-4622-9AE4-61EB504AF717}.Debug|Any CPU.ActiveCfg = Debug|Any CPU
		{50C7B4C1-FA24-4622-9AE4-61EB504AF717}.Debug|Any CPU.Build.0 = Debug|Any CPU
		{50C7B4C1-FA24-4622-9AE4-61EB504AF717}.Release|Any CPU.ActiveCfg = Release|Any CPU
		{50C7B4C1-FA24-4622-9AE4-61EB504AF717}.Release|Any CPU.Build.0 = Release|Any CPU
		{0E500293-3BC0-440F-A0F2-ED73ADCEE07B}.Debug|Any CPU.ActiveCfg = Debug|Any CPU
		{0E500293-3BC0-440F-A0F2-ED73ADCEE07B}.Debug|Any CPU.Build.0 = Debug|Any CPU
		{0E500293-3BC0-440F-A0F2-ED73ADCEE07B}.Release|Any CPU.ActiveCfg = Release|Any CPU
		{0E500293-3BC0-440F-A0F2-ED73ADCEE07B}.Release|Any CPU.Build.0 = Release|Any CPU
	EndGlobalSection
	GlobalSection(SolutionProperties) = preSolution
		HideSolutionNode = FALSE
	EndGlobalSection
EndGlobal
